
Microsoft Visual Studio Solution File, Format Version 12.00
# Visual Studio Version 17
VisualStudioVersion = 17.7.34031.279
MinimumVisualStudioVersion = 10.0.40219.1
Project("{FAE04EC0-301F-11D3-BF4B-00C04F79EFBC}") = "SnapBites", "SnapBites.csproj", "{35E30E58-BB9D-40DA-A65D-FB8D42079686}"
EndProject
Global
	GlobalSection(SolutionConfigurationPlatforms) = preSolution
		Debug|Any CPU = Debug|Any CPU
		Release|Any CPU = Release|Any CPU
	EndGlobalSection
	GlobalSection(ProjectConfigurationPlatforms) = postSolution
		{35E30E58-BB9D-40DA-A65D-FB8D42079686}.Debug|Any CPU.ActiveCfg = Debug|Any CPU
		{35E30E58-BB9D-40DA-A65D-FB8D42079686}.Debug|Any CPU.Build.0 = Debug|Any CPU
		{35E30E58-BB9D-40DA-A65D-FB8D42079686}.Release|Any CPU.ActiveCfg = Release|Any CPU
		{35E30E58-BB9D-40DA-A65D-FB8D42079686}.Release|Any CPU.Build.0 = Release|Any CPU
	EndGlobalSection
	GlobalSection(SolutionProperties) = preSolution
		HideSolutionNode = FALSE
	EndGlobalSection
	GlobalSection(ExtensibilityGlobals) = postSolution
		SolutionGuid = {C1C9D705-2F65-4980-A477-4AF21E162318}
	EndGlobalSection
EndGlobal
